
Microsoft Visual Studio Solution File, Format Version 12.00
# Visual Studio Version 16
VisualStudioVersion = 16.0.29926.136
MinimumVisualStudioVersion = 10.0.40219.1
Project("{FAE04EC0-301F-11D3-BF4B-00C04F79EFBC}") = "CommonAlgs", "CommonAlgs\CommonAlgs.csproj", "{C18B26E5-692F-4893-BB09-DEA817036DE4}"
EndProject
Global
	GlobalSection(SolutionConfigurationPlatforms) = preSolution
		Debug|Any CPU = Debug|Any CPU
		Release|Any CPU = Release|Any CPU
	EndGlobalSection
	GlobalSection(ProjectConfigurationPlatforms) = postSolution
		{C18B26E5-692F-4893-BB09-DEA817036DE4}.Debug|Any CPU.ActiveCfg = Debug|Any CPU
		{C18B26E5-692F-4893-BB09-DEA817036DE4}.Debug|Any CPU.Build.0 = Debug|Any CPU
		{C18B26E5-692F-4893-BB09-DEA817036DE4}.Release|Any CPU.ActiveCfg = Release|Any CPU
		{C18B26E5-692F-4893-BB09-DEA817036DE4}.Release|Any CPU.Build.0 = Release|Any CPU
	EndGlobalSection
	GlobalSection(SolutionProperties) = preSolution
		HideSolutionNode = FALSE
	EndGlobalSection
	GlobalSection(ExtensibilityGlobals) = postSolution
		SolutionGuid = {5D8AEAB8-9D8E-4796-A197-D5FE9E828749}
	EndGlobalSection
EndGlobal
